
Microsoft Visual Studio Solution File, Format Version 12.00
# Visual Studio Version 16
VisualStudioVersion = 16.0.32630.194
MinimumVisualStudioVersion = 10.0.40219.1
Project("{FAE04EC0-301F-11D3-BF4B-00C04F79EFBC}") = "InAndOut", "InAndOut\InAndOut.csproj", "{ECA20641-4E10-4FF5-986B-8B76DE08B4F6}"
EndProject
Global
	GlobalSection(SolutionConfigurationPlatforms) = preSolution
		Debug|Any CPU = Debug|Any CPU
		Release|Any CPU = Release|Any CPU
	EndGlobalSection
	GlobalSection(ProjectConfigurationPlatforms) = postSolution
		{ECA20641-4E10-4FF5-986B-8B76DE08B4F6}.Debug|Any CPU.ActiveCfg = Debug|Any CPU
		{ECA20641-4E10-4FF5-986B-8B76DE08B4F6}.Debug|Any CPU.Build.0 = Debug|Any CPU
		{ECA20641-4E10-4FF5-986B-8B76DE08B4F6}.Release|Any CPU.ActiveCfg = Release|Any CPU
		{ECA20641-4E10-4FF5-986B-8B76DE08B4F6}.Release|Any CPU.Build.0 = Release|Any CPU
	EndGlobalSection
	GlobalSection(SolutionProperties) = preSolution
		HideSolutionNode = FALSE
	EndGlobalSection
	GlobalSection(ExtensibilityGlobals) = postSolution
		SolutionGuid = {AA77A71A-68F4-4D8A-9486-30DAEB3156A1}
	EndGlobalSection
EndGlobal
